{
    "version": 3,
    "terraform_version": "0.11.8",
    "serial": 4,
    "lineage": "6929e931-5dee-7f1b-4e67-f493e440d317",
    "modules": [
        {
            "path": [
                "root"
            ],
            "outputs": {
                "public_ip": {
                    "sensitive": false,
                    "type": "string",
                    "value": "54.90.96.245"
                }
            },
            "resources": {
                "aws_instance.app_hacklab": {
                    "type": "aws_instance",
                    "depends_on": [
                        "aws_security_group.app_hacklab"
                    ],
                    "primary": {
                        "id": "i-0996d481cc17f5437",
                        "attributes": {
                            "ami": "ami-2d39803a",
                            "arn": "arn:aws:ec2:us-east-1:485164690107:instance/i-0996d481cc17f5437",
                            "associate_public_ip_address": "true",
                            "availability_zone": "us-east-1d",
                            "cpu_core_count": "1",
                            "cpu_threads_per_core": "1",
                            "credit_specification.#": "1",
                            "credit_specification.0.cpu_credits": "standard",
                            "disable_api_termination": "false",
                            "ebs_block_device.#": "0",
                            "ebs_optimized": "false",
                            "ephemeral_block_device.#": "0",
                            "get_password_data": "false",
                            "iam_instance_profile": "",
                            "id": "i-0996d481cc17f5437",
                            "instance_state": "running",
                            "instance_type": "t2.micro",
                            "ipv6_addresses.#": "0",
                            "key_name": "",
                            "monitoring": "false",
                            "network_interface.#": "0",
                            "network_interface_id": "eni-01b5bd0521d7270f4",
                            "password_data": "",
                            "placement_group": "",
                            "primary_network_interface_id": "eni-01b5bd0521d7270f4",
                            "private_dns": "ip-172-31-80-38.ec2.internal",
                            "private_ip": "172.31.80.38",
                            "public_dns": "ec2-54-90-96-245.compute-1.amazonaws.com",
                            "public_ip": "54.90.96.245",
                            "root_block_device.#": "1",
                            "root_block_device.0.delete_on_termination": "true",
                            "root_block_device.0.iops": "100",
                            "root_block_device.0.volume_id": "vol-046b21b078f3a70f9",
                            "root_block_device.0.volume_size": "8",
                            "root_block_device.0.volume_type": "gp2",
                            "security_groups.#": "1",
                            "security_groups.2636353758": "sg_hacklab",
                            "source_dest_check": "true",
                            "subnet_id": "subnet-01546c1dfaca01147",
                            "tags.%": "1",
                            "tags.Name": "Owner.app_hacklab",
                            "tenancy": "default",
                            "user_data": "6c9c9c3cc7891f3b9ce05659f341f8af0c2d7cd5",
                            "volume_tags.%": "0",
                            "vpc_security_group_ids.#": "1",
                            "vpc_security_group_ids.1100377632": "sg-075b51c5c3c34d0aa"
                        },
                        "meta": {
                            "e2bfb730-ecaa-11e6-8f88-34363bc7c4c0": {
                                "create": 600000000000,
                                "delete": 1200000000000,
                                "update": 600000000000
                            },
                            "schema_version": "1"
                        },
                        "tainted": false
                    },
                    "deposed": [],
                    "provider": "provider.aws"
                },
                "aws_security_group.app_hacklab": {
                    "type": "aws_security_group",
                    "depends_on": [],
                    "primary": {
                        "id": "sg-075b51c5c3c34d0aa",
                        "attributes": {
                            "arn": "arn:aws:ec2:us-east-1:485164690107:security-group/sg-075b51c5c3c34d0aa",
                            "description": "Security Groups Hacklab",
                            "egress.#": "0",
                            "id": "sg-075b51c5c3c34d0aa",
                            "ingress.#": "1",
                            "ingress.516175195.cidr_blocks.#": "1",
                            "ingress.516175195.cidr_blocks.0": "0.0.0.0/0",
                            "ingress.516175195.description": "",
                            "ingress.516175195.from_port": "8080",
                            "ingress.516175195.ipv6_cidr_blocks.#": "0",
                            "ingress.516175195.prefix_list_ids.#": "0",
                            "ingress.516175195.protocol": "tcp",
                            "ingress.516175195.security_groups.#": "0",
                            "ingress.516175195.self": "false",
                            "ingress.516175195.to_port": "8080",
                            "name": "sg_hacklab",
                            "owner_id": "485164690107",
                            "revoke_rules_on_delete": "false",
                            "tags.%": "1",
                            "tags.Name": "SG HackLab",
                            "vpc_id": "vpc-01a2c69a600c34e52"
                        },
                        "meta": {
                            "e2bfb730-ecaa-11e6-8f88-34363bc7c4c0": {
                                "create": 600000000000,
                                "delete": 600000000000
                            },
                            "schema_version": "1"
                        },
                        "tainted": false
                    },
                    "deposed": [],
                    "provider": "provider.aws"
                }
            },
            "depends_on": []
        }
    ]
}
